// !$*UTF8*$!
{
	archiveVersion = 1;
	classes = {
	};
	objectVersion = 46;
	objects = {

/* Begin PBXBuildFile section */
		7904D9731756DBD200C3E363 /* Security.framework in Frameworks */ = {isa = PBXBuildFile; fileRef = 7904D9721756DBD200C3E363 /* Security.framework */; };
		791C92151810B39600DF9CD1 /* boyIcon.png in Resources */ = {isa = PBXBuildFile; fileRef = 791C92141810B39600DF9CD1 /* boyIcon.png */; };
		791C92171810B39C00DF9CD1 /* girlIcon.png in Resources */ = {isa = PBXBuildFile; fileRef = 791C92161810B39C00DF9CD1 /* girlIcon.png */; };
		791C92191810CB4700DF9CD1 /* math questions in Resources */ = {isa = PBXBuildFile; fileRef = 791C92181810CB4700DF9CD1 /* math questions */; };
		7947BA3215AC8D4E002C6988 /* Problem.m in Sources */ = {isa = PBXBuildFile; fileRef = 19190F7D13286C5400550793 /* Problem.m */; };
		7947BA3315AC8D4E002C6988 /* ProblemStore.m in Sources */ = {isa = PBXBuildFile; fileRef = 19190F8113286C5400550793 /* ProblemStore.m */; };
		7947BA3415AC8D4E002C6988 /* SolutionPoint.m in Sources */ = {isa = PBXBuildFile; fileRef = 19190F8313286C5400550793 /* SolutionPoint.m */; };
		7947BA3515AC8D4E002C6988 /* SolutionStroke.m in Sources */ = {isa = PBXBuildFile; fileRef = 19190F8513286C5400550793 /* SolutionStroke.m */; };
		7947BA3615AC8D4E002C6988 /* SolvalyzerAppDelegate.m in Sources */ = {isa = PBXBuildFile; fileRef = 19190F8713286C5400550793 /* SolvalyzerAppDelegate.m */; settings = {COMPILER_FLAGS = "-fno-objc-arc"; }; };
		7947BA3715AC8D4E002C6988 /* SolvalyzerRootViewController.m in Sources */ = {isa = PBXBuildFile; fileRef = 19190F8913286C5400550793 /* SolvalyzerRootViewController.m */; settings = {COMPILER_FLAGS = "-fno-objc-arc"; }; };
		7947BA3815AC8D4E002C6988 /* SolvalyzerViewController.m in Sources */ = {isa = PBXBuildFile; fileRef = 19190F8B13286C5400550793 /* SolvalyzerViewController.m */; settings = {COMPILER_FLAGS = "-fno-objc-arc"; }; };
		7947BA3915AC8D4E002C6988 /* SolverView.m in Sources */ = {isa = PBXBuildFile; fileRef = 19190F8D13286C5400550793 /* SolverView.m */; settings = {COMPILER_FLAGS = "-fno-objc-arc"; }; };
		7947BA3A15AC8D4E002C6988 /* main.m in Sources */ = {isa = PBXBuildFile; fileRef = 19190FA513286C7700550793 /* main.m */; settings = {COMPILER_FLAGS = "-fno-objc-arc"; }; };
		7947BA3B15AC8D4E002C6988 /* ProblemSolution.m in Sources */ = {isa = PBXBuildFile; fileRef = 19190F7F13286C5400550793 /* ProblemSolution.m */; settings = {COMPILER_FLAGS = "-fno-objc-arc"; }; };
		7947BA3C15AC8D4E002C6988 /* questions.m in Sources */ = {isa = PBXBuildFile; fileRef = AB2F8ADB1362E94C00171651 /* questions.m */; };
		7947BA3D15AC8D4E002C6988 /* studentModel.m in Sources */ = {isa = PBXBuildFile; fileRef = 7931823613873A14001C4FDF /* studentModel.m */; };
		7947BA3F15AC8D4E002C6988 /* CoreMotion.framework in Frameworks */ = {isa = PBXBuildFile; fileRef = 19CE78CB13311ECF0097C054 /* CoreMotion.framework */; };
		7947BA4015AC8D4E002C6988 /* UIKit.framework in Frameworks */ = {isa = PBXBuildFile; fileRef = 19190F5C13286C0700550793 /* UIKit.framework */; };
		7947BA4115AC8D4E002C6988 /* Foundation.framework in Frameworks */ = {isa = PBXBuildFile; fileRef = 19190F5E13286C0700550793 /* Foundation.framework */; };
		7947BA4215AC8D4E002C6988 /* CoreGraphics.framework in Frameworks */ = {isa = PBXBuildFile; fileRef = 19190F6013286C0700550793 /* CoreGraphics.framework */; };
		7947BA4315AC8D4E002C6988 /* MessageUI.framework in Frameworks */ = {isa = PBXBuildFile; fileRef = 19190FB013286D7100550793 /* MessageUI.framework */; };
		7947BA4515AC8D4E002C6988 /* ImageScaleKludgeView.xib in Resources */ = {isa = PBXBuildFile; fileRef = 19190F9713286C6A00550793 /* ImageScaleKludgeView.xib */; };
		7947BA4615AC8D4E002C6988 /* MainWindow.xib in Resources */ = {isa = PBXBuildFile; fileRef = 19190F9813286C6A00550793 /* MainWindow.xib */; };
		7947BA4715AC8D4E002C6988 /* SolvalyzerRootView.xib in Resources */ = {isa = PBXBuildFile; fileRef = 19190F9913286C6A00550793 /* SolvalyzerRootView.xib */; };
		7947BA4815AC8D4E002C6988 /* icon-72.png in Resources */ = {isa = PBXBuildFile; fileRef = 19190F9F13286C7700550793 /* icon-72.png */; };
		7947BA4915AC8D4E002C6988 /* icon-small-50.png in Resources */ = {isa = PBXBuildFile; fileRef = 19190FA013286C7700550793 /* icon-small-50.png */; };
		7947BA4A15AC8D4E002C6988 /* icon-small.png in Resources */ = {isa = PBXBuildFile; fileRef = 19190FA113286C7700550793 /* icon-small.png */; };
		7947BA4B15AC8D4E002C6988 /* icon.png in Resources */ = {isa = PBXBuildFile; fileRef = 19190FA213286C7700550793 /* icon.png */; };
		7947BA4C15AC8D4E002C6988 /* icon@2x.png in Resources */ = {isa = PBXBuildFile; fileRef = 19190FA313286C7700550793 /* icon@2x.png */; };
		7947BA4D15AC8D4E002C6988 /* Entitlements.plist in Resources */ = {isa = PBXBuildFile; fileRef = 19190FB213286DEB00550793 /* Entitlements.plist */; };
		7947BA4E15AC8D4E002C6988 /* theBest.png in Resources */ = {isa = PBXBuildFile; fileRef = AB5E7BD213477BF100226393 /* theBest.png */; };
		7947BA4F15AC8D4E002C6988 /* SolvalyzerViewController.xib in Resources */ = {isa = PBXBuildFile; fileRef = AB85CA071355F38F0021A7DB /* SolvalyzerViewController.xib */; };
		794F84BF17EE63BF007321F1 /* AWSS3.framework in Frameworks */ = {isa = PBXBuildFile; fileRef = 794F84BE17EE63BF007321F1 /* AWSS3.framework */; };
		794F84C117EE63FE007321F1 /* AWSRuntime.framework in Frameworks */ = {isa = PBXBuildFile; fileRef = 794F84C017EE63FE007321F1 /* AWSRuntime.framework */; };
		798529571816388E005D2B42 /* stamped 05_30_13 assent.png in Resources */ = {isa = PBXBuildFile; fileRef = 798529561816388D005D2B42 /* stamped 05_30_13 assent.png */; };
		7985295A1816C5EF005D2B42 /* Student.m in Sources */ = {isa = PBXBuildFile; fileRef = 798529591816C5EF005D2B42 /* Student.m */; };
/* End PBXBuildFile section */

/* Begin PBXFileReference section */
		19190F5C13286C0700550793 /* UIKit.framework */ = {isa = PBXFileReference; lastKnownFileType = wrapper.framework; name = UIKit.framework; path = System/Library/Frameworks/UIKit.framework; sourceTree = SDKROOT; };
		19190F5E13286C0700550793 /* Foundation.framework */ = {isa = PBXFileReference; lastKnownFileType = wrapper.framework; name = Foundation.framework; path = System/Library/Frameworks/Foundation.framework; sourceTree = SDKROOT; };
		19190F6013286C0700550793 /* CoreGraphics.framework */ = {isa = PBXFileReference; lastKnownFileType = wrapper.framework; name = CoreGraphics.framework; path = System/Library/Frameworks/CoreGraphics.framework; sourceTree = SDKROOT; };
		19190F7C13286C5400550793 /* Problem.h */ = {isa = PBXFileReference; fileEncoding = 4; lastKnownFileType = sourcecode.c.h; lineEnding = 0; name = Problem.h; path = Classes/Problem.h; sourceTree = SOURCE_ROOT; xcLanguageSpecificationIdentifier = xcode.lang.objcpp; };
		19190F7D13286C5400550793 /* Problem.m */ = {isa = PBXFileReference; fileEncoding = 4; lastKnownFileType = sourcecode.c.objc; lineEnding = 0; name = Problem.m; path = Classes/Problem.m; sourceTree = SOURCE_ROOT; xcLanguageSpecificationIdentifier = xcode.lang.objc; };
		19190F7E13286C5400550793 /* ProblemSolution.h */ = {isa = PBXFileReference; fileEncoding = 4; lastKnownFileType = sourcecode.c.h; lineEnding = 0; name = ProblemSolution.h; path = Classes/ProblemSolution.h; sourceTree = SOURCE_ROOT; xcLanguageSpecificationIdentifier = xcode.lang.objcpp; };
		19190F7F13286C5400550793 /* ProblemSolution.m */ = {isa = PBXFileReference; fileEncoding = 4; lastKnownFileType = sourcecode.c.objc; name = ProblemSolution.m; path = Classes/ProblemSolution.m; sourceTree = SOURCE_ROOT; };
		19190F8013286C5400550793 /* ProblemStore.h */ = {isa = PBXFileReference; fileEncoding = 4; lastKnownFileType = sourcecode.c.h; lineEnding = 0; name = ProblemStore.h; path = Classes/ProblemStore.h; sourceTree = SOURCE_ROOT; xcLanguageSpecificationIdentifier = xcode.lang.objcpp; };
		19190F8113286C5400550793 /* ProblemStore.m */ = {isa = PBXFileReference; fileEncoding = 4; lastKnownFileType = sourcecode.c.objc; name = ProblemStore.m; path = Classes/ProblemStore.m; sourceTree = SOURCE_ROOT; };
		19190F8213286C5400550793 /* SolutionPoint.h */ = {isa = PBXFileReference; fileEncoding = 4; lastKnownFileType = sourcecode.c.h; name = SolutionPoint.h; path = Classes/SolutionPoint.h; sourceTree = SOURCE_ROOT; };
		19190F8313286C5400550793 /* SolutionPoint.m */ = {isa = PBXFileReference; fileEncoding = 4; lastKnownFileType = sourcecode.c.objc; name = SolutionPoint.m; path = Classes/SolutionPoint.m; sourceTree = SOURCE_ROOT; };
		19190F8413286C5400550793 /* SolutionStroke.h */ = {isa = PBXFileReference; fileEncoding = 4; lastKnownFileType = sourcecode.c.h; name = SolutionStroke.h; path = Classes/SolutionStroke.h; sourceTree = SOURCE_ROOT; };
		19190F8513286C5400550793 /* SolutionStroke.m */ = {isa = PBXFileReference; fileEncoding = 4; lastKnownFileType = sourcecode.c.objc; name = SolutionStroke.m; path = Classes/SolutionStroke.m; sourceTree = SOURCE_ROOT; };
		19190F8613286C5400550793 /* SolvalyzerAppDelegate.h */ = {isa = PBXFileReference; fileEncoding = 4; lastKnownFileType = sourcecode.c.h; name = SolvalyzerAppDelegate.h; path = Classes/SolvalyzerAppDelegate.h; sourceTree = SOURCE_ROOT; };
		19190F8713286C5400550793 /* SolvalyzerAppDelegate.m */ = {isa = PBXFileReference; fileEncoding = 4; lastKnownFileType = sourcecode.c.objc; name = SolvalyzerAppDelegate.m; path = Classes/SolvalyzerAppDelegate.m; sourceTree = SOURCE_ROOT; };
		19190F8813286C5400550793 /* SolvalyzerRootViewController.h */ = {isa = PBXFileReference; fileEncoding = 4; lastKnownFileType = sourcecode.c.h; name = SolvalyzerRootViewController.h; path = Classes/SolvalyzerRootViewController.h; sourceTree = SOURCE_ROOT; };
		19190F8913286C5400550793 /* SolvalyzerRootViewController.m */ = {isa = PBXFileReference; fileEncoding = 4; lastKnownFileType = sourcecode.c.objc; name = SolvalyzerRootViewController.m; path = Classes/SolvalyzerRootViewController.m; sourceTree = SOURCE_ROOT; };
		19190F8B13286C5400550793 /* SolvalyzerViewController.m */ = {isa = PBXFileReference; fileEncoding = 4; lastKnownFileType = sourcecode.c.objc; lineEnding = 0; name = SolvalyzerViewController.m; path = Classes/SolvalyzerViewController.m; sourceTree = SOURCE_ROOT; xcLanguageSpecificationIdentifier = xcode.lang.objc; };
		19190F8C13286C5400550793 /* SolverView.h */ = {isa = PBXFileReference; fileEncoding = 4; lastKnownFileType = sourcecode.c.h; name = SolverView.h; path = Classes/SolverView.h; sourceTree = SOURCE_ROOT; };
		19190F8D13286C5400550793 /* SolverView.m */ = {isa = PBXFileReference; fileEncoding = 4; lastKnownFileType = sourcecode.c.objc; name = SolverView.m; path = Classes/SolverView.m; sourceTree = SOURCE_ROOT; };
		19190F9713286C6A00550793 /* ImageScaleKludgeView.xib */ = {isa = PBXFileReference; fileEncoding = 4; lastKnownFileType = file.xib; path = ImageScaleKludgeView.xib; sourceTree = SOURCE_ROOT; };
		19190F9813286C6A00550793 /* MainWindow.xib */ = {isa = PBXFileReference; fileEncoding = 4; lastKnownFileType = file.xib; path = MainWindow.xib; sourceTree = SOURCE_ROOT; };
		19190F9913286C6A00550793 /* SolvalyzerRootView.xib */ = {isa = PBXFileReference; fileEncoding = 4; lastKnownFileType = file.xib; path = SolvalyzerRootView.xib; sourceTree = SOURCE_ROOT; };
		19190F9F13286C7700550793 /* icon-72.png */ = {isa = PBXFileReference; lastKnownFileType = image.png; path = "icon-72.png"; sourceTree = SOURCE_ROOT; };
		19190FA013286C7700550793 /* icon-small-50.png */ = {isa = PBXFileReference; lastKnownFileType = image.png; path = "icon-small-50.png"; sourceTree = SOURCE_ROOT; };
		19190FA113286C7700550793 /* icon-small.png */ = {isa = PBXFileReference; lastKnownFileType = image.png; path = "icon-small.png"; sourceTree = SOURCE_ROOT; };
		19190FA213286C7700550793 /* icon.png */ = {isa = PBXFileReference; lastKnownFileType = image.png; path = icon.png; sourceTree = SOURCE_ROOT; };
		19190FA313286C7700550793 /* icon@2x.png */ = {isa = PBXFileReference; lastKnownFileType = image.png; path = "icon@2x.png"; sourceTree = SOURCE_ROOT; };
		19190FA413286C7700550793 /* Logo.opacity */ = {isa = PBXFileReference; lastKnownFileType = file; path = Logo.opacity; sourceTree = SOURCE_ROOT; };
		19190FA513286C7700550793 /* main.m */ = {isa = PBXFileReference; fileEncoding = 4; lastKnownFileType = sourcecode.c.objc; path = main.m; sourceTree = SOURCE_ROOT; };
		19190FA613286C7700550793 /* Solvalyzer_Prefix.pch */ = {isa = PBXFileReference; fileEncoding = 4; lastKnownFileType = sourcecode.c.h; path = Solvalyzer_Prefix.pch; sourceTree = SOURCE_ROOT; };
		19190FA713286C7700550793 /* Solvalyzer-Info.plist */ = {isa = PBXFileReference; fileEncoding = 4; lastKnownFileType = text.plist.xml; path = "Solvalyzer-Info.plist"; sourceTree = SOURCE_ROOT; };
		19190FB013286D7100550793 /* MessageUI.framework */ = {isa = PBXFileReference; lastKnownFileType = wrapper.framework; name = MessageUI.framework; path = System/Library/Frameworks/MessageUI.framework; sourceTree = SDKROOT; };
		19190FB213286DEB00550793 /* Entitlements.plist */ = {isa = PBXFileReference; fileEncoding = 4; lastKnownFileType = text.plist.xml; path = Entitlements.plist; sourceTree = "<group>"; };
		19CE78CB13311ECF0097C054 /* CoreMotion.framework */ = {isa = PBXFileReference; lastKnownFileType = wrapper.framework; name = CoreMotion.framework; path = System/Library/Frameworks/CoreMotion.framework; sourceTree = SDKROOT; };
		7904D9721756DBD200C3E363 /* Security.framework */ = {isa = PBXFileReference; lastKnownFileType = wrapper.framework; name = Security.framework; path = System/Library/Frameworks/Security.framework; sourceTree = SDKROOT; };
		791C921318106E2B00DF9CD1 /* SolvalyzerViewController.h */ = {isa = PBXFileReference; lastKnownFileType = sourcecode.c.h; name = SolvalyzerViewController.h; path = Classes/SolvalyzerViewController.h; sourceTree = SOURCE_ROOT; };
		791C92141810B39600DF9CD1 /* boyIcon.png */ = {isa = PBXFileReference; lastKnownFileType = image.png; path = boyIcon.png; sourceTree = SOURCE_ROOT; };
		791C92161810B39C00DF9CD1 /* girlIcon.png */ = {isa = PBXFileReference; lastKnownFileType = image.png; path = girlIcon.png; sourceTree = SOURCE_ROOT; };
		791C92181810CB4700DF9CD1 /* math questions */ = {isa = PBXFileReference; fileEncoding = 4; lastKnownFileType = text; path = "math questions"; sourceTree = "<group>"; };
		7931823513873A14001C4FDF /* studentModel.h */ = {isa = PBXFileReference; fileEncoding = 4; lastKnownFileType = sourcecode.c.h; path = studentModel.h; sourceTree = SOURCE_ROOT; };
		7931823613873A14001C4FDF /* studentModel.m */ = {isa = PBXFileReference; fileEncoding = 4; lastKnownFileType = sourcecode.c.objc; path = studentModel.m; sourceTree = SOURCE_ROOT; };
		7947BA5415AC8D4E002C6988 /* touchMath.app */ = {isa = PBXFileReference; explicitFileType = wrapper.application; includeInIndex = 0; path = touchMath.app; sourceTree = BUILT_PRODUCTS_DIR; };
		7947BA5615AC8D4E002C6988 /* Solvalyzer copy-Info.plist */ = {isa = PBXFileReference; lastKnownFileType = text.plist.xml; name = "Solvalyzer copy-Info.plist"; path = "/Users/davidshanabrook/Documents/xcode/solvalyzer-git/Solvalyzer copy-Info.plist"; sourceTree = "<absolute>"; };
		794F84BE17EE63BF007321F1 /* AWSS3.framework */ = {isa = PBXFileReference; lastKnownFileType = wrapper.framework; name = AWSS3.framework; path = touchMath/AWSS3.framework; sourceTree = "<group>"; };
		794F84C017EE63FE007321F1 /* AWSRuntime.framework */ = {isa = PBXFileReference; lastKnownFileType = wrapper.framework; path = AWSRuntime.framework; sourceTree = "<group>"; };
		798529561816388D005D2B42 /* stamped 05_30_13 assent.png */ = {isa = PBXFileReference; lastKnownFileType = image.png; path = "stamped 05_30_13 assent.png"; sourceTree = SOURCE_ROOT; };
		798529581816C5EF005D2B42 /* Student.h */ = {isa = PBXFileReference; fileEncoding = 4; lastKnownFileType = sourcecode.c.h; path = Student.h; sourceTree = SOURCE_ROOT; };
		798529591816C5EF005D2B42 /* Student.m */ = {isa = PBXFileReference; fileEncoding = 4; lastKnownFileType = sourcecode.c.objc; path = Student.m; sourceTree = SOURCE_ROOT; };
		AB2F8ADA1362E94C00171651 /* questions.h */ = {isa = PBXFileReference; fileEncoding = 4; lastKnownFileType = sourcecode.c.h; lineEnding = 0; path = questions.h; sourceTree = SOURCE_ROOT; xcLanguageSpecificationIdentifier = xcode.lang.objcpp; };
		AB2F8ADB1362E94C00171651 /* questions.m */ = {isa = PBXFileReference; fileEncoding = 4; lastKnownFileType = sourcecode.c.objc; lineEnding = 0; path = questions.m; sourceTree = SOURCE_ROOT; xcLanguageSpecificationIdentifier = xcode.lang.objc; };
		AB5E7BD213477BF100226393 /* theBest.png */ = {isa = PBXFileReference; lastKnownFileType = image.png; path = theBest.png; sourceTree = "<group>"; };
		AB85CA071355F38F0021A7DB /* SolvalyzerViewController.xib */ = {isa = PBXFileReference; fileEncoding = 4; lastKnownFileType = file.xib; path = SolvalyzerViewController.xib; sourceTree = SOURCE_ROOT; };
/* End PBXFileReference section */

/* Begin PBXFrameworksBuildPhase section */
		7947BA3E15AC8D4E002C6988 /* Frameworks */ = {
			isa = PBXFrameworksBuildPhase;
			buildActionMask = 2147483647;
			files = (
				7904D9731756DBD200C3E363 /* Security.framework in Frameworks */,
				7947BA3F15AC8D4E002C6988 /* CoreMotion.framework in Frameworks */,
				7947BA4015AC8D4E002C6988 /* UIKit.framework in Frameworks */,
				794F84BF17EE63BF007321F1 /* AWSS3.framework in Frameworks */,
				7947BA4115AC8D4E002C6988 /* Foundation.framework in Frameworks */,
				7947BA4215AC8D4E002C6988 /* CoreGraphics.framework in Frameworks */,
				7947BA4315AC8D4E002C6988 /* MessageUI.framework in Frameworks */,
				794F84C117EE63FE007321F1 /* AWSRuntime.framework in Frameworks */,
			);
			runOnlyForDeploymentPostprocessing = 0;
		};
/* End PBXFrameworksBuildPhase section */

/* Begin PBXGroup section */
		19190F4D13286C0700550793 = {
			isa = PBXGroup;
			children = (
				791C92181810CB4700DF9CD1 /* math questions */,
				AB5E7BD213477BF100226393 /* theBest.png */,
				19CE78CB13311ECF0097C054 /* CoreMotion.framework */,
				19190FB213286DEB00550793 /* Entitlements.plist */,
				19190F6213286C0700550793 /* Solvalyzer */,
				19190F5B13286C0700550793 /* Frameworks */,
				19190F5913286C0700550793 /* Products */,
				7947BA5615AC8D4E002C6988 /* Solvalyzer copy-Info.plist */,
			);
			sourceTree = "<group>";
		};
		19190F5913286C0700550793 /* Products */ = {
			isa = PBXGroup;
			children = (
				7947BA5415AC8D4E002C6988 /* touchMath.app */,
			);
			name = Products;
			sourceTree = "<group>";
		};
		19190F5B13286C0700550793 /* Frameworks */ = {
			isa = PBXGroup;
			children = (
				794F84C017EE63FE007321F1 /* AWSRuntime.framework */,
				794F84BE17EE63BF007321F1 /* AWSS3.framework */,
				7904D9721756DBD200C3E363 /* Security.framework */,
				19190FB013286D7100550793 /* MessageUI.framework */,
				19190F5C13286C0700550793 /* UIKit.framework */,
				19190F5E13286C0700550793 /* Foundation.framework */,
				19190F6013286C0700550793 /* CoreGraphics.framework */,
			);
			name = Frameworks;
			sourceTree = "<group>";
		};
		19190F6213286C0700550793 /* Solvalyzer */ = {
			isa = PBXGroup;
			children = (
				19190F9713286C6A00550793 /* ImageScaleKludgeView.xib */,
				19190F9813286C6A00550793 /* MainWindow.xib */,
				19190F9913286C6A00550793 /* SolvalyzerRootView.xib */,
				AB85CA071355F38F0021A7DB /* SolvalyzerViewController.xib */,
				19CE78C713311DD90097C054 /* Model */,
				19CE78CA13311DF60097C054 /* View */,
				19CE78C913311DE80097C054 /* Controller */,
				19190F8613286C5400550793 /* SolvalyzerAppDelegate.h */,
				19190F8713286C5400550793 /* SolvalyzerAppDelegate.m */,
				19190F6313286C0700550793 /* Supporting Files */,
			);
			path = Solvalyzer;
			sourceTree = "<group>";
		};
		19190F6313286C0700550793 /* Supporting Files */ = {
			isa = PBXGroup;
			children = (
				798529561816388D005D2B42 /* stamped 05_30_13 assent.png */,
				791C92161810B39C00DF9CD1 /* girlIcon.png */,
				791C92141810B39600DF9CD1 /* boyIcon.png */,
				19190F9F13286C7700550793 /* icon-72.png */,
				19190FA013286C7700550793 /* icon-small-50.png */,
				19190FA113286C7700550793 /* icon-small.png */,
				19190FA213286C7700550793 /* icon.png */,
				19190FA313286C7700550793 /* icon@2x.png */,
				19190FA413286C7700550793 /* Logo.opacity */,
				19190FA513286C7700550793 /* main.m */,
				19190FA613286C7700550793 /* Solvalyzer_Prefix.pch */,
				19190FA713286C7700550793 /* Solvalyzer-Info.plist */,
			);
			name = "Supporting Files";
			sourceTree = "<group>";
		};
		19CE78C713311DD90097C054 /* Model */ = {
			isa = PBXGroup;
			children = (
				7931823513873A14001C4FDF /* studentModel.h */,
				7931823613873A14001C4FDF /* studentModel.m */,
				AB2F8ADA1362E94C00171651 /* questions.h */,
				AB2F8ADB1362E94C00171651 /* questions.m */,
				19190F7C13286C5400550793 /* Problem.h */,
				19190F7D13286C5400550793 /* Problem.m */,
				19190F7E13286C5400550793 /* ProblemSolution.h */,
				19190F7F13286C5400550793 /* ProblemSolution.m */,
				19190F8013286C5400550793 /* ProblemStore.h */,
				19190F8113286C5400550793 /* ProblemStore.m */,
				798529581816C5EF005D2B42 /* Student.h */,
				798529591816C5EF005D2B42 /* Student.m */,
				19190F8213286C5400550793 /* SolutionPoint.h */,
				19190F8313286C5400550793 /* SolutionPoint.m */,
				19190F8413286C5400550793 /* SolutionStroke.h */,
				19190F8513286C5400550793 /* SolutionStroke.m */,
			);
			name = Model;
			sourceTree = "<group>";
		};
		19CE78C913311DE80097C054 /* Controller */ = {
			isa = PBXGroup;
			children = (
				19190F8813286C5400550793 /* SolvalyzerRootViewController.h */,
				19190F8913286C5400550793 /* SolvalyzerRootViewController.m */,
				791C921318106E2B00DF9CD1 /* SolvalyzerViewController.h */,
				19190F8B13286C5400550793 /* SolvalyzerViewController.m */,
			);
			name = Controller;
			sourceTree = "<group>";
		};
		19CE78CA13311DF60097C054 /* View */ = {
			isa = PBXGroup;
			children = (
				19190F8C13286C5400550793 /* SolverView.h */,
				19190F8D13286C5400550793 /* SolverView.m */,
			);
			name = View;
			sourceTree = "<group>";
		};
/* End PBXGroup section */

/* Begin PBXNativeTarget section */
		7947BA3015AC8D4E002C6988 /* touchMath */ = {
			isa = PBXNativeTarget;
			buildConfigurationList = 7947BA5015AC8D4E002C6988 /* Build configuration list for PBXNativeTarget "touchMath" */;
			buildPhases = (
				7947BA3115AC8D4E002C6988 /* Sources */,
				7947BA3E15AC8D4E002C6988 /* Frameworks */,
				7947BA4415AC8D4E002C6988 /* Resources */,
			);
			buildRules = (
			);
			dependencies = (
			);
			name = touchMath;
			productName = Solvalyzer;
			productReference = 7947BA5415AC8D4E002C6988 /* touchMath.app */;
			productType = "com.apple.product-type.application";
		};
/* End PBXNativeTarget section */

/* Begin PBXProject section */
		19190F4F13286C0700550793 /* Project object */ = {
			isa = PBXProject;
			attributes = {
				LastUpgradeCheck = 0460;
				ORGANIZATIONNAME = "Diabolical Labs, LLC";
			};
			buildConfigurationList = 19190F5213286C0700550793 /* Build configuration list for PBXProject "Solvalyzer" */;
			compatibilityVersion = "Xcode 3.2";
			developmentRegion = English;
			hasScannedForEncodings = 0;
			knownRegions = (
				en,
			);
			mainGroup = 19190F4D13286C0700550793;
			productRefGroup = 19190F5913286C0700550793 /* Products */;
			projectDirPath = "";
			projectRoot = "";
			targets = (
				7947BA3015AC8D4E002C6988 /* touchMath */,
			);
		};
/* End PBXProject section */

/* Begin PBXResourcesBuildPhase section */
		7947BA4415AC8D4E002C6988 /* Resources */ = {
			isa = PBXResourcesBuildPhase;
			buildActionMask = 2147483647;
			files = (
				7947BA4515AC8D4E002C6988 /* ImageScaleKludgeView.xib in Resources */,
				7947BA4615AC8D4E002C6988 /* MainWindow.xib in Resources */,
				7947BA4715AC8D4E002C6988 /* SolvalyzerRootView.xib in Resources */,
				791C92191810CB4700DF9CD1 /* math questions in Resources */,
				7947BA4815AC8D4E002C6988 /* icon-72.png in Resources */,
				798529571816388E005D2B42 /* stamped 05_30_13 assent.png in Resources */,
				791C92171810B39C00DF9CD1 /* girlIcon.png in Resources */,
				7947BA4915AC8D4E002C6988 /* icon-small-50.png in Resources */,
				791C92151810B39600DF9CD1 /* boyIcon.png in Resources */,
				7947BA4A15AC8D4E002C6988 /* icon-small.png in Resources */,
				7947BA4B15AC8D4E002C6988 /* icon.png in Resources */,
				7947BA4C15AC8D4E002C6988 /* icon@2x.png in Resources */,
				7947BA4D15AC8D4E002C6988 /* Entitlements.plist in Resources */,
				7947BA4E15AC8D4E002C6988 /* theBest.png in Resources */,
				7947BA4F15AC8D4E002C6988 /* SolvalyzerViewController.xib in Resources */,
			);
			runOnlyForDeploymentPostprocessing = 0;
		};
/* End PBXResourcesBuildPhase section */

/* Begin PBXSourcesBuildPhase section */
		7947BA3115AC8D4E002C6988 /* Sources */ = {
			isa = PBXSourcesBuildPhase;
			buildActionMask = 2147483647;
			files = (
				7947BA3215AC8D4E002C6988 /* Problem.m in Sources */,
				7947BA3315AC8D4E002C6988 /* ProblemStore.m in Sources */,
				7947BA3415AC8D4E002C6988 /* SolutionPoint.m in Sources */,
				7947BA3515AC8D4E002C6988 /* SolutionStroke.m in Sources */,
				7947BA3615AC8D4E002C6988 /* SolvalyzerAppDelegate.m in Sources */,
				7947BA3715AC8D4E002C6988 /* SolvalyzerRootViewController.m in Sources */,
				7947BA3815AC8D4E002C6988 /* SolvalyzerViewController.m in Sources */,
				7947BA3915AC8D4E002C6988 /* SolverView.m in Sources */,
				7947BA3A15AC8D4E002C6988 /* main.m in Sources */,
				7947BA3B15AC8D4E002C6988 /* ProblemSolution.m in Sources */,
				7947BA3C15AC8D4E002C6988 /* questions.m in Sources */,
				7985295A1816C5EF005D2B42 /* Student.m in Sources */,
				7947BA3D15AC8D4E002C6988 /* studentModel.m in Sources */,
			);
			runOnlyForDeploymentPostprocessing = 0;
		};
/* End PBXSourcesBuildPhase section */

/* Begin XCBuildConfiguration section */
		19190F7713286C0700550793 /* Debug */ = {
			isa = XCBuildConfiguration;
			buildSettings = {
				ARCHS = "$(ARCHS_UNIVERSAL_IPHONE_OS)";
				"CODE_SIGN_IDENTITY[sdk=iphoneos*]" = "iPhone Developer";
				GCC_C_LANGUAGE_STANDARD = gnu99;
				GCC_OPTIMIZATION_LEVEL = 0;
				GCC_PREPROCESSOR_DEFINITIONS = DEBUG;
				GCC_SYMBOLS_PRIVATE_EXTERN = NO;
				GCC_THUMB_SUPPORT = NO;
				GCC_VERSION = com.apple.compilers.llvmgcc42;
				GCC_WARN_ABOUT_MISSING_PROTOTYPES = YES;
				GCC_WARN_ABOUT_RETURN_TYPE = YES;
				GCC_WARN_UNUSED_VARIABLE = YES;
				IPHONEOS_DEPLOYMENT_TARGET = 4.3;
				SDKROOT = iphoneos;
				TARGETED_DEVICE_FAMILY = 2;
			};
			name = Debug;
		};
		19190F7813286C0700550793 /* Release */ = {
			isa = XCBuildConfiguration;
			buildSettings = {
				ARCHS = "$(ARCHS_UNIVERSAL_IPHONE_OS)";
				"CODE_SIGN_IDENTITY[sdk=iphoneos*]" = "iPhone Developer";
				GCC_C_LANGUAGE_STANDARD = gnu99;
				GCC_THUMB_SUPPORT = NO;
				GCC_VERSION = com.apple.compilers.llvmgcc42;
				GCC_WARN_ABOUT_MISSING_PROTOTYPES = YES;
				GCC_WARN_ABOUT_RETURN_TYPE = YES;
				GCC_WARN_UNUSED_VARIABLE = YES;
				IPHONEOS_DEPLOYMENT_TARGET = 4.3;
				OTHER_CFLAGS = "-DNS_BLOCK_ASSERTIONS=1";
				SDKROOT = iphoneos;
				TARGETED_DEVICE_FAMILY = 2;
			};
			name = Release;
		};
		19190FB413286DFA00550793 /* Ad Hoc */ = {
			isa = XCBuildConfiguration;
			buildSettings = {
				ARCHS = "$(ARCHS_UNIVERSAL_IPHONE_OS)";
				CODE_SIGN_ENTITLEMENTS = Entitlements.plist;
				"CODE_SIGN_ENTITLEMENTS[sdk=*]" = Entitlements.plist;
				CODE_SIGN_IDENTITY = "iPhone Distribution: Diabolical Games, LLC";
				"CODE_SIGN_IDENTITY[sdk=iphoneos*]" = "iPhone Distribution: Diabolical Games, LLC";
				GCC_C_LANGUAGE_STANDARD = gnu99;
				GCC_THUMB_SUPPORT = NO;
				GCC_VERSION = com.apple.compilers.llvmgcc42;
				GCC_WARN_ABOUT_MISSING_PROTOTYPES = YES;
				GCC_WARN_ABOUT_RETURN_TYPE = YES;
				GCC_WARN_UNUSED_VARIABLE = YES;
				IPHONEOS_DEPLOYMENT_TARGET = 4.3;
				OTHER_CFLAGS = "-DNS_BLOCK_ASSERTIONS=1";
				PROVISIONING_PROFILE = "C63C71E6-F2A9-40FE-9FE0-6C65DD7E3B33";
				"PROVISIONING_PROFILE[sdk=iphoneos*]" = "C63C71E6-F2A9-40FE-9FE0-6C65DD7E3B33";
				SDKROOT = iphoneos;
				TARGETED_DEVICE_FAMILY = 2;
			};
			name = "Ad Hoc";
		};
		7947BA5115AC8D4E002C6988 /* Debug */ = {
			isa = XCBuildConfiguration;
			buildSettings = {
				ALWAYS_SEARCH_USER_PATHS = NO;
				CLANG_ENABLE_OBJC_ARC = YES;
				COPY_PHASE_STRIP = NO;
				FRAMEWORK_SEARCH_PATHS = (
					"$(inherited)",
					"$(SRCROOT)",
					"\\\"$(SRCROOT)/aws-ios-sdk-1.6.0\\\"",
					"/Users/davidshanabrook/Documents/xcode/solvalyzer-git/touchMath",
					"/Users/davidshanabrook/Documents/xcode/solvalyzer-git",
				);
				GCC_DYNAMIC_NO_PIC = NO;
				GCC_PRECOMPILE_PREFIX_HEADER = YES;
				GCC_PREFIX_HEADER = Solvalyzer_Prefix.pch;
				GCC_THUMB_SUPPORT = NO;
				GCC_VERSION = com.apple.compilers.llvm.clang.1_0;
				INFOPLIST_FILE = "Solvalyzer copy-Info.plist";
				PRODUCT_NAME = touchMath;
				WRAPPER_EXTENSION = app;
			};
			name = Debug;
		};
		7947BA5215AC8D4E002C6988 /* Release */ = {
			isa = XCBuildConfiguration;
			buildSettings = {
				ALWAYS_SEARCH_USER_PATHS = NO;
				CLANG_ENABLE_OBJC_ARC = YES;
				COPY_PHASE_STRIP = YES;
				FRAMEWORK_SEARCH_PATHS = (
					"$(inherited)",
					"$(SRCROOT)",
					"\\\"$(SRCROOT)/aws-ios-sdk-1.6.0\\\"",
					"/Users/davidshanabrook/Documents/xcode/solvalyzer-git/touchMath",
					"/Users/davidshanabrook/Documents/xcode/solvalyzer-git",
				);
				GCC_PRECOMPILE_PREFIX_HEADER = YES;
				GCC_PREFIX_HEADER = Solvalyzer_Prefix.pch;
				GCC_THUMB_SUPPORT = NO;
				GCC_VERSION = com.apple.compilers.llvm.clang.1_0;
				INFOPLIST_FILE = "Solvalyzer copy-Info.plist";
				PRODUCT_NAME = touchMath;
				VALIDATE_PRODUCT = YES;
				WRAPPER_EXTENSION = app;
			};
			name = Release;
		};
		7947BA5315AC8D4E002C6988 /* Ad Hoc */ = {
			isa = XCBuildConfiguration;
			buildSettings = {
				ALWAYS_SEARCH_USER_PATHS = NO;
				CLANG_ENABLE_OBJC_ARC = YES;
				COPY_PHASE_STRIP = YES;
				FRAMEWORK_SEARCH_PATHS = (
					"$(inherited)",
					"$(SRCROOT)",
					"\\\"$(SRCROOT)/aws-ios-sdk-1.6.0\\\"",
					"/Users/davidshanabrook/Documents/xcode/solvalyzer-git/touchMath",
					"/Users/davidshanabrook/Documents/xcode/solvalyzer-git",
				);
				GCC_PRECOMPILE_PREFIX_HEADER = YES;
				GCC_PREFIX_HEADER = Solvalyzer_Prefix.pch;
				GCC_THUMB_SUPPORT = NO;
				GCC_VERSION = com.apple.compilers.llvm.clang.1_0;
				INFOPLIST_FILE = "Solvalyzer copy-Info.plist";
				PRODUCT_NAME = touchMath;
				VALIDATE_PRODUCT = YES;
				WRAPPER_EXTENSION = app;
			};
			name = "Ad Hoc";
		};
/* End XCBuildConfiguration section */

/* Begin XCConfigurationList section */
		19190F5213286C0700550793 /* Build configuration list for PBXProject "Solvalyzer" */ = {
			isa = XCConfigurationList;
			buildConfigurations = (
				19190F7713286C0700550793 /* Debug */,
				19190F7813286C0700550793 /* Release */,
				19190FB413286DFA00550793 /* Ad Hoc */,
			);
			defaultConfigurationIsVisible = 0;
			defaultConfigurationName = Release;
		};
		7947BA5015AC8D4E002C6988 /* Build configuration list for PBXNativeTarget "touchMath" */ = {
			isa = XCConfigurationList;
			buildConfigurations = (
				7947BA5115AC8D4E002C6988 /* Debug */,
				7947BA5215AC8D4E002C6988 /* Release */,
				7947BA5315AC8D4E002C6988 /* Ad Hoc */,
			);
			defaultConfigurationIsVisible = 0;
			defaultConfigurationName = Release;
		};
/* End XCConfigurationList section */
	};
	rootObject = 19190F4F13286C0700550793 /* Project object */;
}
